
Microsoft Visual Studio Solution File, Format Version 12.00
# Visual Studio Version 16
VisualStudioVersion = 16.0.31702.278
MinimumVisualStudioVersion = 10.0.40219.1
Project("{9A19103F-16F7-4668-BE54-9A1E7A4F7556}") = "TictacToe", "TictacToe\TictacToe.csproj", "{172A40E7-C1E6-42C4-9AD7-58C6D7668682}"
EndProject
Project("{9A19103F-16F7-4668-BE54-9A1E7A4F7556}") = "TictacToe.Tests", "TictacToe.Tests\TictacToe.Tests.csproj", "{38573256-82F0-46F8-90B4-BD3EBCC6BE78}"
EndProject
Project("{9A19103F-16F7-4668-BE54-9A1E7A4F7556}") = "TictacToe.Web", "TictacToe.Web\TictacToe.Web.csproj", "{AEE6E56A-9C24-41F1-AD46-131C7597ACC4}"
EndProject
Project("{FAE04EC0-301F-11D3-BF4B-00C04F79EFBC}") = "TictacToe.Web3", "TictacToe.Web3\TictacToe.Web3.csproj", "{42C9444E-90FB-4015-B755-AEF00AAA3757}"
EndProject
Project("{FAE04EC0-301F-11D3-BF4B-00C04F79EFBC}") = "TictacToe.Web4", "TictacToe.Web4\TictacToe.Web4.csproj", "{2B17CEDC-6984-411D-B7D3-7F6B15386518}"
EndProject
Global
	GlobalSection(SolutionConfigurationPlatforms) = preSolution
		Debug|Any CPU = Debug|Any CPU
		Release|Any CPU = Release|Any CPU
	EndGlobalSection
	GlobalSection(ProjectConfigurationPlatforms) = postSolution
		{172A40E7-C1E6-42C4-9AD7-58C6D7668682}.Debug|Any CPU.ActiveCfg = Debug|Any CPU
		{172A40E7-C1E6-42C4-9AD7-58C6D7668682}.Debug|Any CPU.Build.0 = Debug|Any CPU
		{172A40E7-C1E6-42C4-9AD7-58C6D7668682}.Release|Any CPU.ActiveCfg = Release|Any CPU
		{172A40E7-C1E6-42C4-9AD7-58C6D7668682}.Release|Any CPU.Build.0 = Release|Any CPU
		{38573256-82F0-46F8-90B4-BD3EBCC6BE78}.Debug|Any CPU.ActiveCfg = Debug|Any CPU
		{38573256-82F0-46F8-90B4-BD3EBCC6BE78}.Debug|Any CPU.Build.0 = Debug|Any CPU
		{38573256-82F0-46F8-90B4-BD3EBCC6BE78}.Release|Any CPU.ActiveCfg = Release|Any CPU
		{38573256-82F0-46F8-90B4-BD3EBCC6BE78}.Release|Any CPU.Build.0 = Release|Any CPU
		{AEE6E56A-9C24-41F1-AD46-131C7597ACC4}.Debug|Any CPU.ActiveCfg = Debug|Any CPU
		{AEE6E56A-9C24-41F1-AD46-131C7597ACC4}.Debug|Any CPU.Build.0 = Debug|Any CPU
		{AEE6E56A-9C24-41F1-AD46-131C7597ACC4}.Release|Any CPU.ActiveCfg = Release|Any CPU
		{AEE6E56A-9C24-41F1-AD46-131C7597ACC4}.Release|Any CPU.Build.0 = Release|Any CPU
		{42C9444E-90FB-4015-B755-AEF00AAA3757}.Debug|Any CPU.ActiveCfg = Debug|Any CPU
		{42C9444E-90FB-4015-B755-AEF00AAA3757}.Debug|Any CPU.Build.0 = Debug|Any CPU
		{42C9444E-90FB-4015-B755-AEF00AAA3757}.Release|Any CPU.ActiveCfg = Release|Any CPU
		{42C9444E-90FB-4015-B755-AEF00AAA3757}.Release|Any CPU.Build.0 = Release|Any CPU
		{2B17CEDC-6984-411D-B7D3-7F6B15386518}.Debug|Any CPU.ActiveCfg = Debug|Any CPU
		{2B17CEDC-6984-411D-B7D3-7F6B15386518}.Debug|Any CPU.Build.0 = Debug|Any CPU
		{2B17CEDC-6984-411D-B7D3-7F6B15386518}.Release|Any CPU.ActiveCfg = Release|Any CPU
		{2B17CEDC-6984-411D-B7D3-7F6B15386518}.Release|Any CPU.Build.0 = Release|Any CPU
	EndGlobalSection
	GlobalSection(SolutionProperties) = preSolution
		HideSolutionNode = FALSE
	EndGlobalSection
	GlobalSection(ExtensibilityGlobals) = postSolution
		SolutionGuid = {86F14AEC-D4E6-4E29-9CA1-757F51343B64}
	EndGlobalSection
EndGlobal
